
Microsoft Visual Studio Solution File, Format Version 12.00
# Visual Studio Version 17
VisualStudioVersion = 17.5.33530.505
MinimumVisualStudioVersion = 10.0.40219.1
Project("{6EC3EE1D-3C4E-46DD-8F32-0CC8E7565705}") = "JustMockFSharp", "JustMockFSharp.fsproj", "{7AD101A7-D7E5-48BD-AECF-666F4AC2E61B}"
EndProject
Project("{6EC3EE1D-3C4E-46DD-8F32-0CC8E7565705}") = "JustMockFSharpTests", "..\JustMockFSharpTests\JustMockFSharpTests.fsproj", "{56AADEC3-B506-464A-A0F9-5A96324E33AB}"
EndProject
Project("{F2A71F9B-5D33-465A-A702-920D77279786}") = "ConsoleApp1", "..\ConsoleApp1\ConsoleApp1.fsproj", "{894BC6DD-3178-4A5F-BE7C-178F366DE867}"
EndProject
Global
	GlobalSection(SolutionConfigurationPlatforms) = preSolution
		Debug|Any CPU = Debug|Any CPU
		Release|Any CPU = Release|Any CPU
	EndGlobalSection
	GlobalSection(ProjectConfigurationPlatforms) = postSolution
		{7AD101A7-D7E5-48BD-AECF-666F4AC2E61B}.Debug|Any CPU.ActiveCfg = Debug|Any CPU
		{7AD101A7-D7E5-48BD-AECF-666F4AC2E61B}.Debug|Any CPU.Build.0 = Debug|Any CPU
		{7AD101A7-D7E5-48BD-AECF-666F4AC2E61B}.Release|Any CPU.ActiveCfg = Release|Any CPU
		{7AD101A7-D7E5-48BD-AECF-666F4AC2E61B}.Release|Any CPU.Build.0 = Release|Any CPU
		{56AADEC3-B506-464A-A0F9-5A96324E33AB}.Debug|Any CPU.ActiveCfg = Debug|Any CPU
		{56AADEC3-B506-464A-A0F9-5A96324E33AB}.Debug|Any CPU.Build.0 = Debug|Any CPU
		{56AADEC3-B506-464A-A0F9-5A96324E33AB}.Release|Any CPU.ActiveCfg = Release|Any CPU
		{56AADEC3-B506-464A-A0F9-5A96324E33AB}.Release|Any CPU.Build.0 = Release|Any CPU
		{894BC6DD-3178-4A5F-BE7C-178F366DE867}.Debug|Any CPU.ActiveCfg = Debug|Any CPU
		{894BC6DD-3178-4A5F-BE7C-178F366DE867}.Debug|Any CPU.Build.0 = Debug|Any CPU
		{894BC6DD-3178-4A5F-BE7C-178F366DE867}.Release|Any CPU.ActiveCfg = Release|Any CPU
		{894BC6DD-3178-4A5F-BE7C-178F366DE867}.Release|Any CPU.Build.0 = Release|Any CPU
	EndGlobalSection
	GlobalSection(SolutionProperties) = preSolution
		HideSolutionNode = FALSE
	EndGlobalSection
	GlobalSection(ExtensibilityGlobals) = postSolution
		SolutionGuid = {90E84934-5CE5-4144-8CF4-9414B7D2BECA}
	EndGlobalSection
EndGlobal
